// !$*UTF8*$!
{
	archiveVersion = 1;
	classes = {
	};
	objectVersion = 51;
	objects = {

/* Begin PBXBuildFile section */
		13D444D077857F271CC0DD5A /* Pods_LimeAppUITests.framework in Frameworks */ = {isa = PBXBuildFile; fileRef = DEED713BF55E637286D34AC8 /* Pods_LimeAppUITests.framework */; };
		2779EFE422673382009FEEF7 /* AppDelegate.swift in Sources */ = {isa = PBXBuildFile; fileRef = 2779EFE322673382009FEEF7 /* AppDelegate.swift */; };
		2779EFE622673382009FEEF7 /* DashboardVC.swift in Sources */ = {isa = PBXBuildFile; fileRef = 2779EFE522673382009FEEF7 /* DashboardVC.swift */; };
		2779EFE922673382009FEEF7 /* Main.storyboard in Resources */ = {isa = PBXBuildFile; fileRef = 2779EFE722673382009FEEF7 /* Main.storyboard */; };
		2779EFEB22673383009FEEF7 /* Assets.xcassets in Resources */ = {isa = PBXBuildFile; fileRef = 2779EFEA22673383009FEEF7 /* Assets.xcassets */; };
		2779EFEE22673383009FEEF7 /* LaunchScreen.storyboard in Resources */ = {isa = PBXBuildFile; fileRef = 2779EFEC22673383009FEEF7 /* LaunchScreen.storyboard */; };
		2779F01222673989009FEEF7 /* SearchCityVC.swift in Sources */ = {isa = PBXBuildFile; fileRef = 2779F01122673989009FEEF7 /* SearchCityVC.swift */; };
		2779F014226743A6009FEEF7 /* CityListCell.swift in Sources */ = {isa = PBXBuildFile; fileRef = 2779F013226743A6009FEEF7 /* CityListCell.swift */; };
		2779F01622674C65009FEEF7 /* City.swift in Sources */ = {isa = PBXBuildFile; fileRef = 2779F01522674C65009FEEF7 /* City.swift */; };
		29909D55BD48D3421E5DC2E2 /* Pods_LimeAppTests.framework in Frameworks */ = {isa = PBXBuildFile; fileRef = 7BDD5F4946E75E824F0C9A8D /* Pods_LimeAppTests.framework */; };
		7EE5575F3CE5FF919C30D92E /* Pods_LimeApp.framework in Frameworks */ = {isa = PBXBuildFile; fileRef = 9170AB9BFC62F518F5072F24 /* Pods_LimeApp.framework */; };
/* End PBXBuildFile section */

/* Begin PBXContainerItemProxy section */
		2779EFF522673383009FEEF7 /* PBXContainerItemProxy */ = {
			isa = PBXContainerItemProxy;
			containerPortal = 2779EFD822673382009FEEF7 /* Project object */;
			proxyType = 1;
			remoteGlobalIDString = 2779EFDF22673382009FEEF7;
			remoteInfo = LimeApp;
		};
		2779F00022673383009FEEF7 /* PBXContainerItemProxy */ = {
			isa = PBXContainerItemProxy;
			containerPortal = 2779EFD822673382009FEEF7 /* Project object */;
			proxyType = 1;
			remoteGlobalIDString = 2779EFDF22673382009FEEF7;
			remoteInfo = LimeApp;
		};
/* End PBXContainerItemProxy section */

/* Begin PBXFileReference section */
		2779EFE022673382009FEEF7 /* LimeApp.app */ = {isa = PBXFileReference; explicitFileType = wrapper.application; includeInIndex = 0; path = LimeApp.app; sourceTree = BUILT_PRODUCTS_DIR; };
		2779EFE322673382009FEEF7 /* AppDelegate.swift */ = {isa = PBXFileReference; lastKnownFileType = sourcecode.swift; path = AppDelegate.swift; sourceTree = "<group>"; };
		2779EFE522673382009FEEF7 /* DashboardVC.swift */ = {isa = PBXFileReference; lastKnownFileType = sourcecode.swift; path = DashboardVC.swift; sourceTree = "<group>"; };
		2779EFE822673382009FEEF7 /* Base */ = {isa = PBXFileReference; lastKnownFileType = file.storyboard; name = Base; path = Base.lproj/Main.storyboard; sourceTree = "<group>"; };
		2779EFEA22673383009FEEF7 /* Assets.xcassets */ = {isa = PBXFileReference; lastKnownFileType = folder.assetcatalog; path = Assets.xcassets; sourceTree = "<group>"; };
		2779EFED22673383009FEEF7 /* Base */ = {isa = PBXFileReference; lastKnownFileType = file.storyboard; name = Base; path = Base.lproj/LaunchScreen.storyboard; sourceTree = "<group>"; };
		2779EFEF22673383009FEEF7 /* Info.plist */ = {isa = PBXFileReference; lastKnownFileType = text.plist.xml; path = Info.plist; sourceTree = "<group>"; };
		2779EFF422673383009FEEF7 /* LimeAppTests.xctest */ = {isa = PBXFileReference; explicitFileType = wrapper.cfbundle; includeInIndex = 0; path = LimeAppTests.xctest; sourceTree = BUILT_PRODUCTS_DIR; };
		2779EFFF22673383009FEEF7 /* LimeAppUITests.xctest */ = {isa = PBXFileReference; explicitFileType = wrapper.cfbundle; includeInIndex = 0; path = LimeAppUITests.xctest; sourceTree = BUILT_PRODUCTS_DIR; };
		2779F01122673989009FEEF7 /* SearchCityVC.swift */ = {isa = PBXFileReference; lastKnownFileType = sourcecode.swift; path = SearchCityVC.swift; sourceTree = "<group>"; };
		2779F013226743A6009FEEF7 /* CityListCell.swift */ = {isa = PBXFileReference; lastKnownFileType = sourcecode.swift; path = CityListCell.swift; sourceTree = "<group>"; };
		2779F01522674C65009FEEF7 /* City.swift */ = {isa = PBXFileReference; lastKnownFileType = sourcecode.swift; path = City.swift; sourceTree = "<group>"; };
		31CBF9689515AD4D0BF41F82 /* Pods-LimeApp.debug.xcconfig */ = {isa = PBXFileReference; includeInIndex = 1; lastKnownFileType = text.xcconfig; name = "Pods-LimeApp.debug.xcconfig"; path = "Target Support Files/Pods-LimeApp/Pods-LimeApp.debug.xcconfig"; sourceTree = "<group>"; };
		3ACB23D6235C71B922D42E4D /* Pods-LimeAppTests.release.xcconfig */ = {isa = PBXFileReference; includeInIndex = 1; lastKnownFileType = text.xcconfig; name = "Pods-LimeAppTests.release.xcconfig"; path = "Target Support Files/Pods-LimeAppTests/Pods-LimeAppTests.release.xcconfig"; sourceTree = "<group>"; };
		7BDD5F4946E75E824F0C9A8D /* Pods_LimeAppTests.framework */ = {isa = PBXFileReference; explicitFileType = wrapper.framework; includeInIndex = 0; path = Pods_LimeAppTests.framework; sourceTree = BUILT_PRODUCTS_DIR; };
		82D439C1C3081FA1745C3546 /* Pods-LimeAppUITests.debug.xcconfig */ = {isa = PBXFileReference; includeInIndex = 1; lastKnownFileType = text.xcconfig; name = "Pods-LimeAppUITests.debug.xcconfig"; path = "Target Support Files/Pods-LimeAppUITests/Pods-LimeAppUITests.debug.xcconfig"; sourceTree = "<group>"; };
		9170AB9BFC62F518F5072F24 /* Pods_LimeApp.framework */ = {isa = PBXFileReference; explicitFileType = wrapper.framework; includeInIndex = 0; path = Pods_LimeApp.framework; sourceTree = BUILT_PRODUCTS_DIR; };
		97A5A45A42010AB60E16423A /* Pods-LimeAppUITests.release.xcconfig */ = {isa = PBXFileReference; includeInIndex = 1; lastKnownFileType = text.xcconfig; name = "Pods-LimeAppUITests.release.xcconfig"; path = "Target Support Files/Pods-LimeAppUITests/Pods-LimeAppUITests.release.xcconfig"; sourceTree = "<group>"; };
		A77DF0634345FA2AEDA6E4FA /* Pods-LimeApp.release.xcconfig */ = {isa = PBXFileReference; includeInIndex = 1; lastKnownFileType = text.xcconfig; name = "Pods-LimeApp.release.xcconfig"; path = "Target Support Files/Pods-LimeApp/Pods-LimeApp.release.xcconfig"; sourceTree = "<group>"; };
		DEED713BF55E637286D34AC8 /* Pods_LimeAppUITests.framework */ = {isa = PBXFileReference; explicitFileType = wrapper.framework; includeInIndex = 0; path = Pods_LimeAppUITests.framework; sourceTree = BUILT_PRODUCTS_DIR; };
		E082A9631A900921FE267302 /* Pods-LimeAppTests.debug.xcconfig */ = {isa = PBXFileReference; includeInIndex = 1; lastKnownFileType = text.xcconfig; name = "Pods-LimeAppTests.debug.xcconfig"; path = "Target Support Files/Pods-LimeAppTests/Pods-LimeAppTests.debug.xcconfig"; sourceTree = "<group>"; };
/* End PBXFileReference section */

/* Begin PBXFrameworksBuildPhase section */
		2779EFDD22673382009FEEF7 /* Frameworks */ = {
			isa = PBXFrameworksBuildPhase;
			buildActionMask = 2147483647;
			files = (
				7EE5575F3CE5FF919C30D92E /* Pods_LimeApp.framework in Frameworks */,
			);
			runOnlyForDeploymentPostprocessing = 0;
		};
		2779EFF122673383009FEEF7 /* Frameworks */ = {
			isa = PBXFrameworksBuildPhase;
			buildActionMask = 2147483647;
			files = (
				29909D55BD48D3421E5DC2E2 /* Pods_LimeAppTests.framework in Frameworks */,
			);
			runOnlyForDeploymentPostprocessing = 0;
		};
		2779EFFC22673383009FEEF7 /* Frameworks */ = {
			isa = PBXFrameworksBuildPhase;
			buildActionMask = 2147483647;
			files = (
				13D444D077857F271CC0DD5A /* Pods_LimeAppUITests.framework in Frameworks */,
			);
			runOnlyForDeploymentPostprocessing = 0;
		};
/* End PBXFrameworksBuildPhase section */

/* Begin PBXGroup section */
		2779EFD722673382009FEEF7 = {
			isa = PBXGroup;
			children = (
				2779EFE222673382009FEEF7 /* LimeApp */,
				2779EFE122673382009FEEF7 /* Products */,
				9831DF2CB79BB15FBBE028A8 /* Pods */,
				697440E8D1CE84C6D205B851 /* Frameworks */,
			);
			sourceTree = "<group>";
		};
		2779EFE122673382009FEEF7 /* Products */ = {
			isa = PBXGroup;
			children = (
				2779EFE022673382009FEEF7 /* LimeApp.app */,
				2779EFF422673383009FEEF7 /* LimeAppTests.xctest */,
				2779EFFF22673383009FEEF7 /* LimeAppUITests.xctest */,
			);
			name = Products;
			sourceTree = "<group>";
		};
		2779EFE222673382009FEEF7 /* LimeApp */ = {
			isa = PBXGroup;
			children = (
				2779F018226789B7009FEEF7 /* Controller */,
				2779F017226789A9009FEEF7 /* Model */,
				2779EFE322673382009FEEF7 /* AppDelegate.swift */,
				2779EFE722673382009FEEF7 /* Main.storyboard */,
				2779EFEA22673383009FEEF7 /* Assets.xcassets */,
				2779EFEC22673383009FEEF7 /* LaunchScreen.storyboard */,
				2779EFEF22673383009FEEF7 /* Info.plist */,
				2779F013226743A6009FEEF7 /* CityListCell.swift */,
			);
			path = LimeApp;
			sourceTree = "<group>";
		};
		2779F017226789A9009FEEF7 /* Model */ = {
			isa = PBXGroup;
			children = (
				2779F01522674C65009FEEF7 /* City.swift */,
			);
			path = Model;
			sourceTree = "<group>";
		};
		2779F018226789B7009FEEF7 /* Controller */ = {
			isa = PBXGroup;
			children = (
				2779F01122673989009FEEF7 /* SearchCityVC.swift */,
				2779EFE522673382009FEEF7 /* DashboardVC.swift */,
			);
			path = Controller;
			sourceTree = "<group>";
		};
		697440E8D1CE84C6D205B851 /* Frameworks */ = {
			isa = PBXGroup;
			children = (
				9170AB9BFC62F518F5072F24 /* Pods_LimeApp.framework */,
				7BDD5F4946E75E824F0C9A8D /* Pods_LimeAppTests.framework */,
				DEED713BF55E637286D34AC8 /* Pods_LimeAppUITests.framework */,
			);
			name = Frameworks;
			sourceTree = "<group>";
		};
		9831DF2CB79BB15FBBE028A8 /* Pods */ = {
			isa = PBXGroup;
			children = (
				31CBF9689515AD4D0BF41F82 /* Pods-LimeApp.debug.xcconfig */,
				A77DF0634345FA2AEDA6E4FA /* Pods-LimeApp.release.xcconfig */,
				E082A9631A900921FE267302 /* Pods-LimeAppTests.debug.xcconfig */,
				3ACB23D6235C71B922D42E4D /* Pods-LimeAppTests.release.xcconfig */,
				82D439C1C3081FA1745C3546 /* Pods-LimeAppUITests.debug.xcconfig */,
				97A5A45A42010AB60E16423A /* Pods-LimeAppUITests.release.xcconfig */,
			);
			path = Pods;
			sourceTree = "<group>";
		};
/* End PBXGroup section */

/* Begin PBXNativeTarget section */
		2779EFDF22673382009FEEF7 /* LimeApp */ = {
			isa = PBXNativeTarget;
			buildConfigurationList = 2779F00822673383009FEEF7 /* Build configuration list for PBXNativeTarget "LimeApp" */;
			buildPhases = (
				98492F3EF44A40205036AA2A /* [CP] Check Pods Manifest.lock */,
				2779EFDC22673382009FEEF7 /* Sources */,
				2779EFDD22673382009FEEF7 /* Frameworks */,
				2779EFDE22673382009FEEF7 /* Resources */,
				37621A2FB4DADFBDEA5D2D69 /* [CP] Embed Pods Frameworks */,
			);
			buildRules = (
			);
			dependencies = (
			);
			name = LimeApp;
			productName = LimeApp;
			productReference = 2779EFE022673382009FEEF7 /* LimeApp.app */;
			productType = "com.apple.product-type.application";
		};
		2779EFF322673383009FEEF7 /* LimeAppTests */ = {
			isa = PBXNativeTarget;
			buildConfigurationList = 2779F00B22673383009FEEF7 /* Build configuration list for PBXNativeTarget "LimeAppTests" */;
			buildPhases = (
				82964DEA567EEEF6993E0199 /* [CP] Check Pods Manifest.lock */,
				2779EFF022673383009FEEF7 /* Sources */,
				2779EFF122673383009FEEF7 /* Frameworks */,
				2779EFF222673383009FEEF7 /* Resources */,
			);
			buildRules = (
			);
			dependencies = (
				2779EFF622673383009FEEF7 /* PBXTargetDependency */,
			);
			name = LimeAppTests;
			productName = LimeAppTests;
			productReference = 2779EFF422673383009FEEF7 /* LimeAppTests.xctest */;
			productType = "com.apple.product-type.bundle.unit-test";
		};
		2779EFFE22673383009FEEF7 /* LimeAppUITests */ = {
			isa = PBXNativeTarget;
			buildConfigurationList = 2779F00E22673383009FEEF7 /* Build configuration list for PBXNativeTarget "LimeAppUITests" */;
			buildPhases = (
				4FFAE825DE80220970F3F97D /* [CP] Check Pods Manifest.lock */,
				2779EFFB22673383009FEEF7 /* Sources */,
				2779EFFC22673383009FEEF7 /* Frameworks */,
				2779EFFD22673383009FEEF7 /* Resources */,
			);
			buildRules = (
			);
			dependencies = (
				2779F00122673383009FEEF7 /* PBXTargetDependency */,
			);
			name = LimeAppUITests;
			productName = LimeAppUITests;
			productReference = 2779EFFF22673383009FEEF7 /* LimeAppUITests.xctest */;
			productType = "com.apple.product-type.bundle.ui-testing";
		};
/* End PBXNativeTarget section */

/* Begin PBXProject section */
		2779EFD822673382009FEEF7 /* Project object */ = {
			isa = PBXProject;
			attributes = {
				LastSwiftUpdateCheck = 1010;
				LastUpgradeCheck = 1010;
				ORGANIZATIONNAME = Michael;
				TargetAttributes = {
					2779EFDF22673382009FEEF7 = {
						CreatedOnToolsVersion = 10.1;
					};
					2779EFF322673383009FEEF7 = {
						CreatedOnToolsVersion = 10.1;
						TestTargetID = 2779EFDF22673382009FEEF7;
					};
					2779EFFE22673383009FEEF7 = {
						CreatedOnToolsVersion = 10.1;
						TestTargetID = 2779EFDF22673382009FEEF7;
					};
				};
			};
			buildConfigurationList = 2779EFDB22673382009FEEF7 /* Build configuration list for PBXProject "LimeApp" */;
			compatibilityVersion = "Xcode 9.3";
			developmentRegion = en;
			hasScannedForEncodings = 0;
			knownRegions = (
				en,
				Base,
			);
			mainGroup = 2779EFD722673382009FEEF7;
			productRefGroup = 2779EFE122673382009FEEF7 /* Products */;
			projectDirPath = "";
			projectRoot = "";
			targets = (
				2779EFDF22673382009FEEF7 /* LimeApp */,
				2779EFF322673383009FEEF7 /* LimeAppTests */,
				2779EFFE22673383009FEEF7 /* LimeAppUITests */,
			);
		};
/* End PBXProject section */

/* Begin PBXResourcesBuildPhase section */
		2779EFDE22673382009FEEF7 /* Resources */ = {
			isa = PBXResourcesBuildPhase;
			buildActionMask = 2147483647;
			files = (
				2779EFEE22673383009FEEF7 /* LaunchScreen.storyboard in Resources */,
				2779EFEB22673383009FEEF7 /* Assets.xcassets in Resources */,
				2779EFE922673382009FEEF7 /* Main.storyboard in Resources */,
			);
			runOnlyForDeploymentPostprocessing = 0;
		};
		2779EFF222673383009FEEF7 /* Resources */ = {
			isa = PBXResourcesBuildPhase;
			buildActionMask = 2147483647;
			files = (
			);
			runOnlyForDeploymentPostprocessing = 0;
		};
		2779EFFD22673383009FEEF7 /* Resources */ = {
			isa = PBXResourcesBuildPhase;
			buildActionMask = 2147483647;
			files = (
			);
			runOnlyForDeploymentPostprocessing = 0;
		};
/* End PBXResourcesBuildPhase section */

/* Begin PBXShellScriptBuildPhase section */
		37621A2FB4DADFBDEA5D2D69 /* [CP] Embed Pods Frameworks */ = {
			isa = PBXShellScriptBuildPhase;
			buildActionMask = 2147483647;
			files = (
			);
			inputFileListPaths = (
				"${PODS_ROOT}/Target Support Files/Pods-LimeApp/Pods-LimeApp-frameworks-${CONFIGURATION}-input-files.xcfilelist",
			);
			name = "[CP] Embed Pods Frameworks";
			outputFileListPaths = (
				"${PODS_ROOT}/Target Support Files/Pods-LimeApp/Pods-LimeApp-frameworks-${CONFIGURATION}-output-files.xcfilelist",
			);
			runOnlyForDeploymentPostprocessing = 0;
			shellPath = /bin/sh;
			shellScript = "\"${PODS_ROOT}/Target Support Files/Pods-LimeApp/Pods-LimeApp-frameworks.sh\"\n";
			showEnvVarsInLog = 0;
		};
		4FFAE825DE80220970F3F97D /* [CP] Check Pods Manifest.lock */ = {
			isa = PBXShellScriptBuildPhase;
			buildActionMask = 2147483647;
			files = (
			);
			inputFileListPaths = (
			);
			inputPaths = (
				"${PODS_PODFILE_DIR_PATH}/Podfile.lock",
				"${PODS_ROOT}/Manifest.lock",
			);
			name = "[CP] Check Pods Manifest.lock";
			outputFileListPaths = (
			);
			outputPaths = (
				"$(DERIVED_FILE_DIR)/Pods-LimeAppUITests-checkManifestLockResult.txt",
			);
			runOnlyForDeploymentPostprocessing = 0;
			shellPath = /bin/sh;
			shellScript = "diff \"${PODS_PODFILE_DIR_PATH}/Podfile.lock\" \"${PODS_ROOT}/Manifest.lock\" > /dev/null\nif [ $? != 0 ] ; then\n    # print error to STDERR\n    echo \"error: The sandbox is not in sync with the Podfile.lock. Run 'pod install' or update your CocoaPods installation.\" >&2\n    exit 1\nfi\n# This output is used by Xcode 'outputs' to avoid re-running this script phase.\necho \"SUCCESS\" > \"${SCRIPT_OUTPUT_FILE_0}\"\n";
			showEnvVarsInLog = 0;
		};
		82964DEA567EEEF6993E0199 /* [CP] Check Pods Manifest.lock */ = {
			isa = PBXShellScriptBuildPhase;
			buildActionMask = 2147483647;
			files = (
			);
			inputFileListPaths = (
			);
			inputPaths = (
				"${PODS_PODFILE_DIR_PATH}/Podfile.lock",
				"${PODS_ROOT}/Manifest.lock",
			);
			name = "[CP] Check Pods Manifest.lock";
			outputFileListPaths = (
			);
			outputPaths = (
				"$(DERIVED_FILE_DIR)/Pods-LimeAppTests-checkManifestLockResult.txt",
			);
			runOnlyForDeploymentPostprocessing = 0;
			shellPath = /bin/sh;
			shellScript = "diff \"${PODS_PODFILE_DIR_PATH}/Podfile.lock\" \"${PODS_ROOT}/Manifest.lock\" > /dev/null\nif [ $? != 0 ] ; then\n    # print error to STDERR\n    echo \"error: The sandbox is not in sync with the Podfile.lock. Run 'pod install' or update your CocoaPods installation.\" >&2\n    exit 1\nfi\n# This output is used by Xcode 'outputs' to avoid re-running this script phase.\necho \"SUCCESS\" > \"${SCRIPT_OUTPUT_FILE_0}\"\n";
			showEnvVarsInLog = 0;
		};
		98492F3EF44A40205036AA2A /* [CP] Check Pods Manifest.lock */ = {
			isa = PBXShellScriptBuildPhase;
			buildActionMask = 2147483647;
			files = (
			);
			inputFileListPaths = (
			);
			inputPaths = (
				"${PODS_PODFILE_DIR_PATH}/Podfile.lock",
				"${PODS_ROOT}/Manifest.lock",
			);
			name = "[CP] Check Pods Manifest.lock";
			outputFileListPaths = (
			);
			outputPaths = (
				"$(DERIVED_FILE_DIR)/Pods-LimeApp-checkManifestLockResult.txt",
			);
			runOnlyForDeploymentPostprocessing = 0;
			shellPath = /bin/sh;
			shellScript = "diff \"${PODS_PODFILE_DIR_PATH}/Podfile.lock\" \"${PODS_ROOT}/Manifest.lock\" > /dev/null\nif [ $? != 0 ] ; then\n    # print error to STDERR\n    echo \"error: The sandbox is not in sync with the Podfile.lock. Run 'pod install' or update your CocoaPods installation.\" >&2\n    exit 1\nfi\n# This output is used by Xcode 'outputs' to avoid re-running this script phase.\necho \"SUCCESS\" > \"${SCRIPT_OUTPUT_FILE_0}\"\n";
			showEnvVarsInLog = 0;
		};
/* End PBXShellScriptBuildPhase section */

/* Begin PBXSourcesBuildPhase section */
		2779EFDC22673382009FEEF7 /* Sources */ = {
			isa = PBXSourcesBuildPhase;
			buildActionMask = 2147483647;
			files = (
				2779F01222673989009FEEF7 /* SearchCityVC.swift in Sources */,
				2779F01622674C65009FEEF7 /* City.swift in Sources */,
				2779EFE622673382009FEEF7 /* DashboardVC.swift in Sources */,
				2779F014226743A6009FEEF7 /* CityListCell.swift in Sources */,
				2779EFE422673382009FEEF7 /* AppDelegate.swift in Sources */,
			);
			runOnlyForDeploymentPostprocessing = 0;
		};
		2779EFF022673383009FEEF7 /* Sources */ = {
			isa = PBXSourcesBuildPhase;
			buildActionMask = 2147483647;
			files = (
			);
			runOnlyForDeploymentPostprocessing = 0;
		};
		2779EFFB22673383009FEEF7 /* Sources */ = {
			isa = PBXSourcesBuildPhase;
			buildActionMask = 2147483647;
			files = (
			);
			runOnlyForDeploymentPostprocessing = 0;
		};
/* End PBXSourcesBuildPhase section */

/* Begin PBXTargetDependency section */
		2779EFF622673383009FEEF7 /* PBXTargetDependency */ = {
			isa = PBXTargetDependency;
			target = 2779EFDF22673382009FEEF7 /* LimeApp */;
			targetProxy = 2779EFF522673383009FEEF7 /* PBXContainerItemProxy */;
		};
		2779F00122673383009FEEF7 /* PBXTargetDependency */ = {
			isa = PBXTargetDependency;
			target = 2779EFDF22673382009FEEF7 /* LimeApp */;
			targetProxy = 2779F00022673383009FEEF7 /* PBXContainerItemProxy */;
		};
/* End PBXTargetDependency section */

/* Begin PBXVariantGroup section */
		2779EFE722673382009FEEF7 /* Main.storyboard */ = {
			isa = PBXVariantGroup;
			children = (
				2779EFE822673382009FEEF7 /* Base */,
			);
			name = Main.storyboard;
			sourceTree = "<group>";
		};
		2779EFEC22673383009FEEF7 /* LaunchScreen.storyboard */ = {
			isa = PBXVariantGroup;
			children = (
				2779EFED22673383009FEEF7 /* Base */,
			);
			name = LaunchScreen.storyboard;
			sourceTree = "<group>";
		};
/* End PBXVariantGroup section */

/* Begin XCBuildConfiguration section */
		2779F00622673383009FEEF7 /* Debug */ = {
			isa = XCBuildConfiguration;
			buildSettings = {
				ALWAYS_SEARCH_USER_PATHS = NO;
				CLANG_ANALYZER_NONNULL = YES;
				CLANG_ANALYZER_NUMBER_OBJECT_CONVERSION = YES_AGGRESSIVE;
				CLANG_CXX_LANGUAGE_STANDARD = "gnu++14";
				CLANG_CXX_LIBRARY = "libc++";
				CLANG_ENABLE_MODULES = YES;
				CLANG_ENABLE_OBJC_ARC = YES;
				CLANG_ENABLE_OBJC_WEAK = YES;
				CLANG_WARN_BLOCK_CAPTURE_AUTORELEASING = YES;
				CLANG_WARN_BOOL_CONVERSION = YES;
				CLANG_WARN_COMMA = YES;
				CLANG_WARN_CONSTANT_CONVERSION = YES;
				CLANG_WARN_DEPRECATED_OBJC_IMPLEMENTATIONS = YES;
				CLANG_WARN_DIRECT_OBJC_ISA_USAGE = YES_ERROR;
				CLANG_WARN_DOCUMENTATION_COMMENTS = YES;
				CLANG_WARN_EMPTY_BODY = YES;
				CLANG_WARN_ENUM_CONVERSION = YES;
				CLANG_WARN_INFINITE_RECURSION = YES;
				CLANG_WARN_INT_CONVERSION = YES;
				CLANG_WARN_NON_LITERAL_NULL_CONVERSION = YES;
				CLANG_WARN_OBJC_IMPLICIT_RETAIN_SELF = YES;
				CLANG_WARN_OBJC_LITERAL_CONVERSION = YES;
				CLANG_WARN_OBJC_ROOT_CLASS = YES_ERROR;
				CLANG_WARN_RANGE_LOOP_ANALYSIS = YES;
				CLANG_WARN_STRICT_PROTOTYPES = YES;
				CLANG_WARN_SUSPICIOUS_MOVE = YES;
				CLANG_WARN_UNGUARDED_AVAILABILITY = YES_AGGRESSIVE;
				CLANG_WARN_UNREACHABLE_CODE = YES;
				CLANG_WARN__DUPLICATE_METHOD_MATCH = YES;
				CODE_SIGN_IDENTITY = "iPhone Developer";
				COPY_PHASE_STRIP = NO;
				DEBUG_INFORMATION_FORMAT = dwarf;
				ENABLE_STRICT_OBJC_MSGSEND = YES;
				ENABLE_TESTABILITY = YES;
				GCC_C_LANGUAGE_STANDARD = gnu11;
				GCC_DYNAMIC_NO_PIC = NO;
				GCC_NO_COMMON_BLOCKS = YES;
				GCC_OPTIMIZATION_LEVEL = 0;
				GCC_PREPROCESSOR_DEFINITIONS = (
					"DEBUG=1",
					"$(inherited)",
				);
				GCC_WARN_64_TO_32_BIT_CONVERSION = YES;
				GCC_WARN_ABOUT_RETURN_TYPE = YES_ERROR;
				GCC_WARN_UNDECLARED_SELECTOR = YES;
				GCC_WARN_UNINITIALIZED_AUTOS = YES_AGGRESSIVE;
				GCC_WARN_UNUSED_FUNCTION = YES;
				GCC_WARN_UNUSED_VARIABLE = YES;
				IPHONEOS_DEPLOYMENT_TARGET = 12.1;
				MTL_ENABLE_DEBUG_INFO = INCLUDE_SOURCE;
				MTL_FAST_MATH = YES;
				ONLY_ACTIVE_ARCH = YES;
				SDKROOT = iphoneos;
				SWIFT_ACTIVE_COMPILATION_CONDITIONS = DEBUG;
				SWIFT_OPTIMIZATION_LEVEL = "-Onone";
			};
			name = Debug;
		};
		2779F00722673383009FEEF7 /* Release */ = {
			isa = XCBuildConfiguration;
			buildSettings = {
				ALWAYS_SEARCH_USER_PATHS = NO;
				CLANG_ANALYZER_NONNULL = YES;
				CLANG_ANALYZER_NUMBER_OBJECT_CONVERSION = YES_AGGRESSIVE;
				CLANG_CXX_LANGUAGE_STANDARD = "gnu++14";
				CLANG_CXX_LIBRARY = "libc++";
				CLANG_ENABLE_MODULES = YES;
				CLANG_ENABLE_OBJC_ARC = YES;
				CLANG_ENABLE_OBJC_WEAK = YES;
				CLANG_WARN_BLOCK_CAPTURE_AUTORELEASING = YES;
				CLANG_WARN_BOOL_CONVERSION = YES;
				CLANG_WARN_COMMA = YES;
				CLANG_WARN_CONSTANT_CONVERSION = YES;
				CLANG_WARN_DEPRECATED_OBJC_IMPLEMENTATIONS = YES;
				CLANG_WARN_DIRECT_OBJC_ISA_USAGE = YES_ERROR;
				CLANG_WARN_DOCUMENTATION_COMMENTS = YES;
				CLANG_WARN_EMPTY_BODY = YES;
				CLANG_WARN_ENUM_CONVERSION = YES;
				CLANG_WARN_INFINITE_RECURSION = YES;
				CLANG_WARN_INT_CONVERSION = YES;
				CLANG_WARN_NON_LITERAL_NULL_CONVERSION = YES;
				CLANG_WARN_OBJC_IMPLICIT_RETAIN_SELF = YES;
				CLANG_WARN_OBJC_LITERAL_CONVERSION = YES;
				CLANG_WARN_OBJC_ROOT_CLASS = YES_ERROR;
				CLANG_WARN_RANGE_LOOP_ANALYSIS = YES;
				CLANG_WARN_STRICT_PROTOTYPES = YES;
				CLANG_WARN_SUSPICIOUS_MOVE = YES;
				CLANG_WARN_UNGUARDED_AVAILABILITY = YES_AGGRESSIVE;
				CLANG_WARN_UNREACHABLE_CODE = YES;
				CLANG_WARN__DUPLICATE_METHOD_MATCH = YES;
				CODE_SIGN_IDENTITY = "iPhone Developer";
				COPY_PHASE_STRIP = NO;
				DEBUG_INFORMATION_FORMAT = "dwarf-with-dsym";
				ENABLE_NS_ASSERTIONS = NO;
				ENABLE_STRICT_OBJC_MSGSEND = YES;
				GCC_C_LANGUAGE_STANDARD = gnu11;
				GCC_NO_COMMON_BLOCKS = YES;
				GCC_WARN_64_TO_32_BIT_CONVERSION = YES;
				GCC_WARN_ABOUT_RETURN_TYPE = YES_ERROR;
				GCC_WARN_UNDECLARED_SELECTOR = YES;
				GCC_WARN_UNINITIALIZED_AUTOS = YES_AGGRESSIVE;
				GCC_WARN_UNUSED_FUNCTION = YES;
				GCC_WARN_UNUSED_VARIABLE = YES;
				IPHONEOS_DEPLOYMENT_TARGET = 12.1;
				MTL_ENABLE_DEBUG_INFO = NO;
				MTL_FAST_MATH = YES;
				SDKROOT = iphoneos;
				SWIFT_COMPILATION_MODE = wholemodule;
				SWIFT_OPTIMIZATION_LEVEL = "-O";
				VALIDATE_PRODUCT = YES;
			};
			name = Release;
		};
		2779F00922673383009FEEF7 /* Debug */ = {
			isa = XCBuildConfiguration;
			baseConfigurationReference = 31CBF9689515AD4D0BF41F82 /* Pods-LimeApp.debug.xcconfig */;
			buildSettings = {
				ASSETCATALOG_COMPILER_APPICON_NAME = AppIcon;
				CODE_SIGN_STYLE = Automatic;
				DEVELOPMENT_TEAM = F66UCT87YC;
				INFOPLIST_FILE = LimeApp/Info.plist;
				LD_RUNPATH_SEARCH_PATHS = (
					"$(inherited)",
					"@executable_path/Frameworks",
				);
				PRODUCT_BUNDLE_IDENTIFIER = com.geo.LimeApp;
				PRODUCT_NAME = "$(TARGET_NAME)";
				SWIFT_VERSION = 4.2;
				TARGETED_DEVICE_FAMILY = "1,2";
			};
			name = Debug;
		};
		2779F00A22673383009FEEF7 /* Release */ = {
			isa = XCBuildConfiguration;
			baseConfigurationReference = A77DF0634345FA2AEDA6E4FA /* Pods-LimeApp.release.xcconfig */;
			buildSettings = {
				ASSETCATALOG_COMPILER_APPICON_NAME = AppIcon;
				CODE_SIGN_STYLE = Automatic;
				DEVELOPMENT_TEAM = F66UCT87YC;
				INFOPLIST_FILE = LimeApp/Info.plist;
				LD_RUNPATH_SEARCH_PATHS = (
					"$(inherited)",
					"@executable_path/Frameworks",
				);
				PRODUCT_BUNDLE_IDENTIFIER = com.geo.LimeApp;
				PRODUCT_NAME = "$(TARGET_NAME)";
				SWIFT_VERSION = 4.2;
				TARGETED_DEVICE_FAMILY = "1,2";
			};
			name = Release;
		};
		2779F00C22673383009FEEF7 /* Debug */ = {
			isa = XCBuildConfiguration;
			baseConfigurationReference = E082A9631A900921FE267302 /* Pods-LimeAppTests.debug.xcconfig */;
			buildSettings = {
				ALWAYS_EMBED_SWIFT_STANDARD_LIBRARIES = YES;
				BUNDLE_LOADER = "$(TEST_HOST)";
				CODE_SIGN_STYLE = Automatic;
				DEVELOPMENT_TEAM = F66UCT87YC;
				INFOPLIST_FILE = LimeAppTests/Info.plist;
				LD_RUNPATH_SEARCH_PATHS = (
					"$(inherited)",
					"@executable_path/Frameworks",
					"@loader_path/Frameworks",
				);
				PRODUCT_BUNDLE_IDENTIFIER = com.geo.LimeAppTests;
				PRODUCT_NAME = "$(TARGET_NAME)";
				SWIFT_VERSION = 4.2;
				TARGETED_DEVICE_FAMILY = "1,2";
				TEST_HOST = "$(BUILT_PRODUCTS_DIR)/LimeApp.app/LimeApp";
			};
			name = Debug;
		};
		2779F00D22673383009FEEF7 /* Release */ = {
			isa = XCBuildConfiguration;
			baseConfigurationReference = 3ACB23D6235C71B922D42E4D /* Pods-LimeAppTests.release.xcconfig */;
			buildSettings = {
				ALWAYS_EMBED_SWIFT_STANDARD_LIBRARIES = YES;
				BUNDLE_LOADER = "$(TEST_HOST)";
				CODE_SIGN_STYLE = Automatic;
				DEVELOPMENT_TEAM = F66UCT87YC;
				INFOPLIST_FILE = LimeAppTests/Info.plist;
				LD_RUNPATH_SEARCH_PATHS = (
					"$(inherited)",
					"@executable_path/Frameworks",
					"@loader_path/Frameworks",
				);
				PRODUCT_BUNDLE_IDENTIFIER = com.geo.LimeAppTests;
				PRODUCT_NAME = "$(TARGET_NAME)";
				SWIFT_VERSION = 4.2;
				TARGETED_DEVICE_FAMILY = "1,2";
				TEST_HOST = "$(BUILT_PRODUCTS_DIR)/LimeApp.app/LimeApp";
			};
			name = Release;
		};
		2779F00F22673383009FEEF7 /* Debug */ = {
			isa = XCBuildConfiguration;
			baseConfigurationReference = 82D439C1C3081FA1745C3546 /* Pods-LimeAppUITests.debug.xcconfig */;
			buildSettings = {
				ALWAYS_EMBED_SWIFT_STANDARD_LIBRARIES = YES;
				CODE_SIGN_STYLE = Automatic;
				DEVELOPMENT_TEAM = F66UCT87YC;
				INFOPLIST_FILE = LimeAppUITests/Info.plist;
				LD_RUNPATH_SEARCH_PATHS = (
					"$(inherited)",
					"@executable_path/Frameworks",
					"@loader_path/Frameworks",
				);
				PRODUCT_BUNDLE_IDENTIFIER = com.geo.LimeAppUITests;
				PRODUCT_NAME = "$(TARGET_NAME)";
				SWIFT_VERSION = 4.2;
				TARGETED_DEVICE_FAMILY = "1,2";
				TEST_TARGET_NAME = LimeApp;
			};
			name = Debug;
		};
		2779F01022673383009FEEF7 /* Release */ = {
			isa = XCBuildConfiguration;
			baseConfigurationReference = 97A5A45A42010AB60E16423A /* Pods-LimeAppUITests.release.xcconfig */;
			buildSettings = {
				ALWAYS_EMBED_SWIFT_STANDARD_LIBRARIES = YES;
				CODE_SIGN_STYLE = Automatic;
				DEVELOPMENT_TEAM = F66UCT87YC;
				INFOPLIST_FILE = LimeAppUITests/Info.plist;
				LD_RUNPATH_SEARCH_PATHS = (
					"$(inherited)",
					"@executable_path/Frameworks",
					"@loader_path/Frameworks",
				);
				PRODUCT_BUNDLE_IDENTIFIER = com.geo.LimeAppUITests;
				PRODUCT_NAME = "$(TARGET_NAME)";
				SWIFT_VERSION = 4.2;
				TARGETED_DEVICE_FAMILY = "1,2";
				TEST_TARGET_NAME = LimeApp;
			};
			name = Release;
		};
/* End XCBuildConfiguration section */

/* Begin XCConfigurationList section */
		2779EFDB22673382009FEEF7 /* Build configuration list for PBXProject "LimeApp" */ = {
			isa = XCConfigurationList;
			buildConfigurations = (
				2779F00622673383009FEEF7 /* Debug */,
				2779F00722673383009FEEF7 /* Release */,
			);
			defaultConfigurationIsVisible = 0;
			defaultConfigurationName = Release;
		};
		2779F00822673383009FEEF7 /* Build configuration list for PBXNativeTarget "LimeApp" */ = {
			isa = XCConfigurationList;
			buildConfigurations = (
				2779F00922673383009FEEF7 /* Debug */,
				2779F00A22673383009FEEF7 /* Release */,
			);
			defaultConfigurationIsVisible = 0;
			defaultConfigurationName = Release;
		};
		2779F00B22673383009FEEF7 /* Build configuration list for PBXNativeTarget "LimeAppTests" */ = {
			isa = XCConfigurationList;
			buildConfigurations = (
				2779F00C22673383009FEEF7 /* Debug */,
				2779F00D22673383009FEEF7 /* Release */,
			);
			defaultConfigurationIsVisible = 0;
			defaultConfigurationName = Release;
		};
		2779F00E22673383009FEEF7 /* Build configuration list for PBXNativeTarget "LimeAppUITests" */ = {
			isa = XCConfigurationList;
			buildConfigurations = (
				2779F00F22673383009FEEF7 /* Debug */,
				2779F01022673383009FEEF7 /* Release */,
			);
			defaultConfigurationIsVisible = 0;
			defaultConfigurationName = Release;
		};
/* End XCConfigurationList section */
	};
	rootObject = 2779EFD822673382009FEEF7 /* Project object */;
}
